
Microsoft Visual Studio Solution File, Format Version 12.00
# Visual Studio Version 17
VisualStudioVersion = 17.7.34003.232
MinimumVisualStudioVersion = 10.0.40219.1
Project("{9A19103F-16F7-4668-BE54-9A1E7A4F7556}") = "day1", "day1\day1.csproj", "{289ACA4A-9ABD-4ACD-B806-A6575EB5D8F2}"
EndProject
Project("{9A19103F-16F7-4668-BE54-9A1E7A4F7556}") = "day2", "day2\day2.csproj", "{4FA53209-3D82-4B02-AC5C-1F184B0D07D5}"
EndProject
Global
	GlobalSection(SolutionConfigurationPlatforms) = preSolution
		Debug|Any CPU = Debug|Any CPU
		Release|Any CPU = Release|Any CPU
	EndGlobalSection
	GlobalSection(ProjectConfigurationPlatforms) = postSolution
		{289ACA4A-9ABD-4ACD-B806-A6575EB5D8F2}.Debug|Any CPU.ActiveCfg = Debug|Any CPU
		{289ACA4A-9ABD-4ACD-B806-A6575EB5D8F2}.Debug|Any CPU.Build.0 = Debug|Any CPU
		{289ACA4A-9ABD-4ACD-B806-A6575EB5D8F2}.Release|Any CPU.ActiveCfg = Release|Any CPU
		{289ACA4A-9ABD-4ACD-B806-A6575EB5D8F2}.Release|Any CPU.Build.0 = Release|Any CPU
		{4FA53209-3D82-4B02-AC5C-1F184B0D07D5}.Debug|Any CPU.ActiveCfg = Debug|Any CPU
		{4FA53209-3D82-4B02-AC5C-1F184B0D07D5}.Debug|Any CPU.Build.0 = Debug|Any CPU
		{4FA53209-3D82-4B02-AC5C-1F184B0D07D5}.Release|Any CPU.ActiveCfg = Release|Any CPU
		{4FA53209-3D82-4B02-AC5C-1F184B0D07D5}.Release|Any CPU.Build.0 = Release|Any CPU
	EndGlobalSection
	GlobalSection(SolutionProperties) = preSolution
		HideSolutionNode = FALSE
	EndGlobalSection
	GlobalSection(ExtensibilityGlobals) = postSolution
		SolutionGuid = {86C2794C-1A73-4C27-A1E0-386054BB3DEC}
	EndGlobalSection
EndGlobal
