
Microsoft Visual Studio Solution File, Format Version 12.00
# Visual Studio Version 17
VisualStudioVersion = 17.7.34003.232
MinimumVisualStudioVersion = 10.0.40219.1
Project("{9A19103F-16F7-4668-BE54-9A1E7A4F7556}") = "day1", "day1\day1.csproj", "{289ACA4A-9ABD-4ACD-B806-A6575EB5D8F2}"
EndProject
Project("{9A19103F-16F7-4668-BE54-9A1E7A4F7556}") = "day2", "day2\day2.csproj", "{4FA53209-3D82-4B02-AC5C-1F184B0D07D5}"
EndProject
Project("{9A19103F-16F7-4668-BE54-9A1E7A4F7556}") = "day3", "day3\day3.csproj", "{88129162-6EED-49EE-984D-0E2F7663A605}"
EndProject
Project("{9A19103F-16F7-4668-BE54-9A1E7A4F7556}") = "day4", "day4\day4.csproj", "{665BDC38-1F15-43B2-9394-6EA343D50E37}"
EndProject
Project("{9A19103F-16F7-4668-BE54-9A1E7A4F7556}") = "day5", "day5\day5.csproj", "{E84D9D5E-A247-4EB4-B10D-F8A7ACFC0D55}"
EndProject
Project("{9A19103F-16F7-4668-BE54-9A1E7A4F7556}") = "day6", "day6\day6.csproj", "{7AA4DC44-73D4-45AD-871E-1ED98A278EDE}"
EndProject
Project("{9A19103F-16F7-4668-BE54-9A1E7A4F7556}") = "day7", "day7\day7.csproj", "{A70834B6-47AF-4FC5-BEA2-76335047BA03}"
EndProject
Project("{9A19103F-16F7-4668-BE54-9A1E7A4F7556}") = "day8", "day8\day8.csproj", "{66CB0DDF-3986-4E38-B3D1-63B7530A6783}"
EndProject
Project("{9A19103F-16F7-4668-BE54-9A1E7A4F7556}") = "day9", "day9\day9.csproj", "{CC9538BB-145E-4E0C-94DA-5F142AFF4F38}"
EndProject
Project("{9A19103F-16F7-4668-BE54-9A1E7A4F7556}") = "day10", "day10\day10.csproj", "{937C874F-06BA-4BD6-862A-231F5D9A60E7}"
EndProject
Project("{9A19103F-16F7-4668-BE54-9A1E7A4F7556}") = "day11", "day11\day11.csproj", "{E3356CB6-0735-484B-8307-EAC9C0CD0FF1}"
EndProject
Project("{9A19103F-16F7-4668-BE54-9A1E7A4F7556}") = "day12", "day12\day12.csproj", "{B4D0D446-5667-4016-9149-157254CBBF6A}"
EndProject
Project("{9A19103F-16F7-4668-BE54-9A1E7A4F7556}") = "day13", "day13\day13.csproj", "{FBEC88BB-EB96-4EB8-949D-89BE4AF6157F}"
EndProject
Project("{9A19103F-16F7-4668-BE54-9A1E7A4F7556}") = "day14", "day14\day14.csproj", "{6939B14B-BE5F-41AF-BFC2-2D35BD239C9E}"
EndProject
Project("{9A19103F-16F7-4668-BE54-9A1E7A4F7556}") = "day15", "day15\day15.csproj", "{01448144-663D-4DE3-91E5-B4BBD5278983}"
EndProject
Project("{2150E333-8FDC-42A3-9474-1A3956D46DE8}") = "Éléments de solution", "Éléments de solution", "{77FF2CBA-5A9E-449B-80B6-013A56C417F9}"
	ProjectSection(SolutionItems) = preProject
		.gitignore = .gitignore
		README.md = README.md
	EndProjectSection
EndProject
Project("{9A19103F-16F7-4668-BE54-9A1E7A4F7556}") = "day16", "day16\day16.csproj", "{C387B734-1CC8-42AA-8D66-7718C36C1D26}"
EndProject
Project("{FAE04EC0-301F-11D3-BF4B-00C04F79EFBC}") = "day17", "day17\day17.csproj", "{969103C9-C63A-435E-9F27-70403C27C11C}"
EndProject
Project("{FAE04EC0-301F-11D3-BF4B-00C04F79EFBC}") = "day18", "day18\day18.csproj", "{EB9FE756-716E-45FE-8A8B-93C464C9AFE5}"
EndProject
Project("{FAE04EC0-301F-11D3-BF4B-00C04F79EFBC}") = "day19", "day19\day19.csproj", "{AF110029-A8B9-4E3B-94D3-21654F63F24C}"
EndProject
Project("{FAE04EC0-301F-11D3-BF4B-00C04F79EFBC}") = "day19p2", "day19p2\day19p2.csproj", "{EAD58C8E-B7CE-42DD-8905-631FD9598489}"
EndProject
Project("{FAE04EC0-301F-11D3-BF4B-00C04F79EFBC}") = "day20", "day20\day20.csproj", "{3141C48A-E020-421D-B3B6-6E12AD5828F9}"
EndProject
Project("{FAE04EC0-301F-11D3-BF4B-00C04F79EFBC}") = "day21", "day21\day21.csproj", "{A1FCD010-EC38-4299-9070-DD91DE2004F6}"
EndProject
Project("{FAE04EC0-301F-11D3-BF4B-00C04F79EFBC}") = "day22", "day22\day22.csproj", "{267092A2-E2E0-442E-A688-2307CDD676A1}"
EndProject
Project("{FAE04EC0-301F-11D3-BF4B-00C04F79EFBC}") = "day23", "day23\day23.csproj", "{9344F46A-2A02-4E3B-AAC5-3C0EDCB99571}"
EndProject
Global
	GlobalSection(SolutionConfigurationPlatforms) = preSolution
		Debug|Any CPU = Debug|Any CPU
		Release|Any CPU = Release|Any CPU
	EndGlobalSection
	GlobalSection(ProjectConfigurationPlatforms) = postSolution
		{289ACA4A-9ABD-4ACD-B806-A6575EB5D8F2}.Debug|Any CPU.ActiveCfg = Debug|Any CPU
		{289ACA4A-9ABD-4ACD-B806-A6575EB5D8F2}.Debug|Any CPU.Build.0 = Debug|Any CPU
		{289ACA4A-9ABD-4ACD-B806-A6575EB5D8F2}.Release|Any CPU.ActiveCfg = Release|Any CPU
		{289ACA4A-9ABD-4ACD-B806-A6575EB5D8F2}.Release|Any CPU.Build.0 = Release|Any CPU
		{4FA53209-3D82-4B02-AC5C-1F184B0D07D5}.Debug|Any CPU.ActiveCfg = Debug|Any CPU
		{4FA53209-3D82-4B02-AC5C-1F184B0D07D5}.Debug|Any CPU.Build.0 = Debug|Any CPU
		{4FA53209-3D82-4B02-AC5C-1F184B0D07D5}.Release|Any CPU.ActiveCfg = Release|Any CPU
		{4FA53209-3D82-4B02-AC5C-1F184B0D07D5}.Release|Any CPU.Build.0 = Release|Any CPU
		{88129162-6EED-49EE-984D-0E2F7663A605}.Debug|Any CPU.ActiveCfg = Debug|Any CPU
		{88129162-6EED-49EE-984D-0E2F7663A605}.Debug|Any CPU.Build.0 = Debug|Any CPU
		{88129162-6EED-49EE-984D-0E2F7663A605}.Release|Any CPU.ActiveCfg = Release|Any CPU
		{88129162-6EED-49EE-984D-0E2F7663A605}.Release|Any CPU.Build.0 = Release|Any CPU
		{665BDC38-1F15-43B2-9394-6EA343D50E37}.Debug|Any CPU.ActiveCfg = Debug|Any CPU
		{665BDC38-1F15-43B2-9394-6EA343D50E37}.Debug|Any CPU.Build.0 = Debug|Any CPU
		{665BDC38-1F15-43B2-9394-6EA343D50E37}.Release|Any CPU.ActiveCfg = Release|Any CPU
		{665BDC38-1F15-43B2-9394-6EA343D50E37}.Release|Any CPU.Build.0 = Release|Any CPU
		{E84D9D5E-A247-4EB4-B10D-F8A7ACFC0D55}.Debug|Any CPU.ActiveCfg = Debug|Any CPU
		{E84D9D5E-A247-4EB4-B10D-F8A7ACFC0D55}.Debug|Any CPU.Build.0 = Debug|Any CPU
		{E84D9D5E-A247-4EB4-B10D-F8A7ACFC0D55}.Release|Any CPU.ActiveCfg = Release|Any CPU
		{E84D9D5E-A247-4EB4-B10D-F8A7ACFC0D55}.Release|Any CPU.Build.0 = Release|Any CPU
		{7AA4DC44-73D4-45AD-871E-1ED98A278EDE}.Debug|Any CPU.ActiveCfg = Debug|Any CPU
		{7AA4DC44-73D4-45AD-871E-1ED98A278EDE}.Debug|Any CPU.Build.0 = Debug|Any CPU
		{7AA4DC44-73D4-45AD-871E-1ED98A278EDE}.Release|Any CPU.ActiveCfg = Release|Any CPU
		{7AA4DC44-73D4-45AD-871E-1ED98A278EDE}.Release|Any CPU.Build.0 = Release|Any CPU
		{A70834B6-47AF-4FC5-BEA2-76335047BA03}.Debug|Any CPU.ActiveCfg = Debug|Any CPU
		{A70834B6-47AF-4FC5-BEA2-76335047BA03}.Debug|Any CPU.Build.0 = Debug|Any CPU
		{A70834B6-47AF-4FC5-BEA2-76335047BA03}.Release|Any CPU.ActiveCfg = Release|Any CPU
		{A70834B6-47AF-4FC5-BEA2-76335047BA03}.Release|Any CPU.Build.0 = Release|Any CPU
		{66CB0DDF-3986-4E38-B3D1-63B7530A6783}.Debug|Any CPU.ActiveCfg = Debug|Any CPU
		{66CB0DDF-3986-4E38-B3D1-63B7530A6783}.Debug|Any CPU.Build.0 = Debug|Any CPU
		{66CB0DDF-3986-4E38-B3D1-63B7530A6783}.Release|Any CPU.ActiveCfg = Release|Any CPU
		{66CB0DDF-3986-4E38-B3D1-63B7530A6783}.Release|Any CPU.Build.0 = Release|Any CPU
		{CC9538BB-145E-4E0C-94DA-5F142AFF4F38}.Debug|Any CPU.ActiveCfg = Debug|Any CPU
		{CC9538BB-145E-4E0C-94DA-5F142AFF4F38}.Debug|Any CPU.Build.0 = Debug|Any CPU
		{CC9538BB-145E-4E0C-94DA-5F142AFF4F38}.Release|Any CPU.ActiveCfg = Release|Any CPU
		{CC9538BB-145E-4E0C-94DA-5F142AFF4F38}.Release|Any CPU.Build.0 = Release|Any CPU
		{937C874F-06BA-4BD6-862A-231F5D9A60E7}.Debug|Any CPU.ActiveCfg = Debug|Any CPU
		{937C874F-06BA-4BD6-862A-231F5D9A60E7}.Debug|Any CPU.Build.0 = Debug|Any CPU
		{937C874F-06BA-4BD6-862A-231F5D9A60E7}.Release|Any CPU.ActiveCfg = Release|Any CPU
		{937C874F-06BA-4BD6-862A-231F5D9A60E7}.Release|Any CPU.Build.0 = Release|Any CPU
		{E3356CB6-0735-484B-8307-EAC9C0CD0FF1}.Debug|Any CPU.ActiveCfg = Debug|Any CPU
		{E3356CB6-0735-484B-8307-EAC9C0CD0FF1}.Debug|Any CPU.Build.0 = Debug|Any CPU
		{E3356CB6-0735-484B-8307-EAC9C0CD0FF1}.Release|Any CPU.ActiveCfg = Release|Any CPU
		{E3356CB6-0735-484B-8307-EAC9C0CD0FF1}.Release|Any CPU.Build.0 = Release|Any CPU
		{B4D0D446-5667-4016-9149-157254CBBF6A}.Debug|Any CPU.ActiveCfg = Debug|Any CPU
		{B4D0D446-5667-4016-9149-157254CBBF6A}.Debug|Any CPU.Build.0 = Debug|Any CPU
		{B4D0D446-5667-4016-9149-157254CBBF6A}.Release|Any CPU.ActiveCfg = Release|Any CPU
		{B4D0D446-5667-4016-9149-157254CBBF6A}.Release|Any CPU.Build.0 = Release|Any CPU
		{FBEC88BB-EB96-4EB8-949D-89BE4AF6157F}.Debug|Any CPU.ActiveCfg = Debug|Any CPU
		{FBEC88BB-EB96-4EB8-949D-89BE4AF6157F}.Debug|Any CPU.Build.0 = Debug|Any CPU
		{FBEC88BB-EB96-4EB8-949D-89BE4AF6157F}.Release|Any CPU.ActiveCfg = Release|Any CPU
		{FBEC88BB-EB96-4EB8-949D-89BE4AF6157F}.Release|Any CPU.Build.0 = Release|Any CPU
		{6939B14B-BE5F-41AF-BFC2-2D35BD239C9E}.Debug|Any CPU.ActiveCfg = Debug|Any CPU
		{6939B14B-BE5F-41AF-BFC2-2D35BD239C9E}.Debug|Any CPU.Build.0 = Debug|Any CPU
		{6939B14B-BE5F-41AF-BFC2-2D35BD239C9E}.Release|Any CPU.ActiveCfg = Release|Any CPU
		{6939B14B-BE5F-41AF-BFC2-2D35BD239C9E}.Release|Any CPU.Build.0 = Release|Any CPU
		{01448144-663D-4DE3-91E5-B4BBD5278983}.Debug|Any CPU.ActiveCfg = Debug|Any CPU
		{01448144-663D-4DE3-91E5-B4BBD5278983}.Debug|Any CPU.Build.0 = Debug|Any CPU
		{01448144-663D-4DE3-91E5-B4BBD5278983}.Release|Any CPU.ActiveCfg = Release|Any CPU
		{01448144-663D-4DE3-91E5-B4BBD5278983}.Release|Any CPU.Build.0 = Release|Any CPU
		{C387B734-1CC8-42AA-8D66-7718C36C1D26}.Debug|Any CPU.ActiveCfg = Debug|Any CPU
		{C387B734-1CC8-42AA-8D66-7718C36C1D26}.Debug|Any CPU.Build.0 = Debug|Any CPU
		{C387B734-1CC8-42AA-8D66-7718C36C1D26}.Release|Any CPU.ActiveCfg = Release|Any CPU
		{C387B734-1CC8-42AA-8D66-7718C36C1D26}.Release|Any CPU.Build.0 = Release|Any CPU
		{969103C9-C63A-435E-9F27-70403C27C11C}.Debug|Any CPU.ActiveCfg = Debug|Any CPU
		{969103C9-C63A-435E-9F27-70403C27C11C}.Debug|Any CPU.Build.0 = Debug|Any CPU
		{969103C9-C63A-435E-9F27-70403C27C11C}.Release|Any CPU.ActiveCfg = Release|Any CPU
		{969103C9-C63A-435E-9F27-70403C27C11C}.Release|Any CPU.Build.0 = Release|Any CPU
		{EB9FE756-716E-45FE-8A8B-93C464C9AFE5}.Debug|Any CPU.ActiveCfg = Debug|Any CPU
		{EB9FE756-716E-45FE-8A8B-93C464C9AFE5}.Debug|Any CPU.Build.0 = Debug|Any CPU
		{EB9FE756-716E-45FE-8A8B-93C464C9AFE5}.Release|Any CPU.ActiveCfg = Release|Any CPU
		{EB9FE756-716E-45FE-8A8B-93C464C9AFE5}.Release|Any CPU.Build.0 = Release|Any CPU
		{AF110029-A8B9-4E3B-94D3-21654F63F24C}.Debug|Any CPU.ActiveCfg = Debug|Any CPU
		{AF110029-A8B9-4E3B-94D3-21654F63F24C}.Debug|Any CPU.Build.0 = Debug|Any CPU
		{AF110029-A8B9-4E3B-94D3-21654F63F24C}.Release|Any CPU.ActiveCfg = Release|Any CPU
		{AF110029-A8B9-4E3B-94D3-21654F63F24C}.Release|Any CPU.Build.0 = Release|Any CPU
		{EAD58C8E-B7CE-42DD-8905-631FD9598489}.Debug|Any CPU.ActiveCfg = Debug|Any CPU
		{EAD58C8E-B7CE-42DD-8905-631FD9598489}.Debug|Any CPU.Build.0 = Debug|Any CPU
		{EAD58C8E-B7CE-42DD-8905-631FD9598489}.Release|Any CPU.ActiveCfg = Release|Any CPU
		{EAD58C8E-B7CE-42DD-8905-631FD9598489}.Release|Any CPU.Build.0 = Release|Any CPU
		{3141C48A-E020-421D-B3B6-6E12AD5828F9}.Debug|Any CPU.ActiveCfg = Debug|Any CPU
		{3141C48A-E020-421D-B3B6-6E12AD5828F9}.Debug|Any CPU.Build.0 = Debug|Any CPU
		{3141C48A-E020-421D-B3B6-6E12AD5828F9}.Release|Any CPU.ActiveCfg = Release|Any CPU
		{3141C48A-E020-421D-B3B6-6E12AD5828F9}.Release|Any CPU.Build.0 = Release|Any CPU
		{A1FCD010-EC38-4299-9070-DD91DE2004F6}.Debug|Any CPU.ActiveCfg = Debug|Any CPU
		{A1FCD010-EC38-4299-9070-DD91DE2004F6}.Debug|Any CPU.Build.0 = Debug|Any CPU
		{A1FCD010-EC38-4299-9070-DD91DE2004F6}.Release|Any CPU.ActiveCfg = Release|Any CPU
		{A1FCD010-EC38-4299-9070-DD91DE2004F6}.Release|Any CPU.Build.0 = Release|Any CPU
		{267092A2-E2E0-442E-A688-2307CDD676A1}.Debug|Any CPU.ActiveCfg = Debug|Any CPU
		{267092A2-E2E0-442E-A688-2307CDD676A1}.Debug|Any CPU.Build.0 = Debug|Any CPU
		{267092A2-E2E0-442E-A688-2307CDD676A1}.Release|Any CPU.ActiveCfg = Release|Any CPU
		{267092A2-E2E0-442E-A688-2307CDD676A1}.Release|Any CPU.Build.0 = Release|Any CPU
		{9344F46A-2A02-4E3B-AAC5-3C0EDCB99571}.Debug|Any CPU.ActiveCfg = Debug|Any CPU
		{9344F46A-2A02-4E3B-AAC5-3C0EDCB99571}.Debug|Any CPU.Build.0 = Debug|Any CPU
		{9344F46A-2A02-4E3B-AAC5-3C0EDCB99571}.Release|Any CPU.ActiveCfg = Release|Any CPU
		{9344F46A-2A02-4E3B-AAC5-3C0EDCB99571}.Release|Any CPU.Build.0 = Release|Any CPU
	EndGlobalSection
	GlobalSection(SolutionProperties) = preSolution
		HideSolutionNode = FALSE
	EndGlobalSection
	GlobalSection(ExtensibilityGlobals) = postSolution
		SolutionGuid = {86C2794C-1A73-4C27-A1E0-386054BB3DEC}
	EndGlobalSection
EndGlobal
